// !$*UTF8*$!
{
	archiveVersion = 1;
	classes = {
	};
	objectVersion = 50;
	objects = {

/* Begin PBXBuildFile section */
		3F58C1B0255CCF1C0027F128 /* AppDelegate.swift in Sources */ = {isa = PBXBuildFile; fileRef = 3F58C1AF255CCF1C0027F128 /* AppDelegate.swift */; };
		3F58C1B2255CCF1C0027F128 /* SceneDelegate.swift in Sources */ = {isa = PBXBuildFile; fileRef = 3F58C1B1255CCF1C0027F128 /* SceneDelegate.swift */; };
		3F58C1B4255CCF1C0027F128 /* ViewController.swift in Sources */ = {isa = PBXBuildFile; fileRef = 3F58C1B3255CCF1C0027F128 /* ViewController.swift */; };
		3F58C1B7255CCF1C0027F128 /* Main.storyboard in Resources */ = {isa = PBXBuildFile; fileRef = 3F58C1B5255CCF1C0027F128 /* Main.storyboard */; };
		3F58C1B9255CCF200027F128 /* Assets.xcassets in Resources */ = {isa = PBXBuildFile; fileRef = 3F58C1B8255CCF200027F128 /* Assets.xcassets */; };
		3F58C1BC255CCF200027F128 /* LaunchScreen.storyboard in Resources */ = {isa = PBXBuildFile; fileRef = 3F58C1BA255CCF200027F128 /* LaunchScreen.storyboard */; };
		3F58C1C8255CD7760027F128 /* Player.swift in Sources */ = {isa = PBXBuildFile; fileRef = 3F58C1C7255CD7760027F128 /* Player.swift */; };
		3F58C1CB255CEEB50027F128 /* song.mp3 in Resources */ = {isa = PBXBuildFile; fileRef = 3F58C1CA255CEEB50027F128 /* song.mp3 */; };
		3F58C1CE255CF7AD0027F128 /* TableViewCell.swift in Sources */ = {isa = PBXBuildFile; fileRef = 3F58C1CD255CF7AD0027F128 /* TableViewCell.swift */; };
		3F58C1D225635D120027F128 /* playlistTableViewController.swift in Sources */ = {isa = PBXBuildFile; fileRef = 3F58C1D125635D120027F128 /* playlistTableViewController.swift */; };
		3F58C1D52563897E0027F128 /* historyTableViewController.swift in Sources */ = {isa = PBXBuildFile; fileRef = 3F58C1D42563897E0027F128 /* historyTableViewController.swift */; };
		3F58C1D825638A3F0027F128 /* historyTableViewCell.swift in Sources */ = {isa = PBXBuildFile; fileRef = 3F58C1D725638A3F0027F128 /* historyTableViewCell.swift */; };
		47B805EC257F154000D99DDA /* song1.mp3 in Resources */ = {isa = PBXBuildFile; fileRef = 47B805EB257F154000D99DDA /* song1.mp3 */; };
/* End PBXBuildFile section */

/* Begin PBXFileReference section */
		3F58C1AC255CCF1C0027F128 /* Medito.app */ = {isa = PBXFileReference; explicitFileType = wrapper.application; includeInIndex = 0; path = Medito.app; sourceTree = BUILT_PRODUCTS_DIR; };
		3F58C1AF255CCF1C0027F128 /* AppDelegate.swift */ = {isa = PBXFileReference; lastKnownFileType = sourcecode.swift; path = AppDelegate.swift; sourceTree = "<group>"; };
		3F58C1B1255CCF1C0027F128 /* SceneDelegate.swift */ = {isa = PBXFileReference; lastKnownFileType = sourcecode.swift; path = SceneDelegate.swift; sourceTree = "<group>"; };
		3F58C1B3255CCF1C0027F128 /* ViewController.swift */ = {isa = PBXFileReference; lastKnownFileType = sourcecode.swift; path = ViewController.swift; sourceTree = "<group>"; };
		3F58C1B6255CCF1C0027F128 /* Base */ = {isa = PBXFileReference; lastKnownFileType = file.storyboard; name = Base; path = Base.lproj/Main.storyboard; sourceTree = "<group>"; };
		3F58C1B8255CCF200027F128 /* Assets.xcassets */ = {isa = PBXFileReference; lastKnownFileType = folder.assetcatalog; path = Assets.xcassets; sourceTree = "<group>"; };
		3F58C1BB255CCF200027F128 /* Base */ = {isa = PBXFileReference; lastKnownFileType = file.storyboard; name = Base; path = Base.lproj/LaunchScreen.storyboard; sourceTree = "<group>"; };
		3F58C1BD255CCF200027F128 /* Info.plist */ = {isa = PBXFileReference; lastKnownFileType = text.plist.xml; path = Info.plist; sourceTree = "<group>"; };
		3F58C1C7255CD7760027F128 /* Player.swift */ = {isa = PBXFileReference; lastKnownFileType = sourcecode.swift; path = Player.swift; sourceTree = "<group>"; };
		3F58C1CA255CEEB50027F128 /* song.mp3 */ = {isa = PBXFileReference; lastKnownFileType = audio.mp3; path = song.mp3; sourceTree = "<group>"; };
		3F58C1CD255CF7AD0027F128 /* TableViewCell.swift */ = {isa = PBXFileReference; lastKnownFileType = sourcecode.swift; path = TableViewCell.swift; sourceTree = "<group>"; };
		3F58C1D125635D120027F128 /* playlistTableViewController.swift */ = {isa = PBXFileReference; lastKnownFileType = sourcecode.swift; path = playlistTableViewController.swift; sourceTree = "<group>"; };
		3F58C1D42563897E0027F128 /* historyTableViewController.swift */ = {isa = PBXFileReference; lastKnownFileType = sourcecode.swift; path = historyTableViewController.swift; sourceTree = "<group>"; };
		3F58C1D725638A3F0027F128 /* historyTableViewCell.swift */ = {isa = PBXFileReference; lastKnownFileType = sourcecode.swift; path = historyTableViewCell.swift; sourceTree = "<group>"; };
		47B805EB257F154000D99DDA /* song1.mp3 */ = {isa = PBXFileReference; lastKnownFileType = audio.mp3; path = song1.mp3; sourceTree = "<group>"; };
/* End PBXFileReference section */

/* Begin PBXFrameworksBuildPhase section */
		3F58C1A9255CCF1C0027F128 /* Frameworks */ = {
			isa = PBXFrameworksBuildPhase;
			buildActionMask = 2147483647;
			files = (
			);
			runOnlyForDeploymentPostprocessing = 0;
		};
/* End PBXFrameworksBuildPhase section */

/* Begin PBXGroup section */
		3F58C1A3255CCF1C0027F128 = {
			isa = PBXGroup;
			children = (
				3F58C1AE255CCF1C0027F128 /* Medito */,
				3F58C1AD255CCF1C0027F128 /* Products */,
			);
			sourceTree = "<group>";
		};
		3F58C1AD255CCF1C0027F128 /* Products */ = {
			isa = PBXGroup;
			children = (
				3F58C1AC255CCF1C0027F128 /* Medito.app */,
			);
			name = Products;
			sourceTree = "<group>";
		};
		3F58C1AE255CCF1C0027F128 /* Medito */ = {
			isa = PBXGroup;
			children = (
				3F58C1CA255CEEB50027F128 /* song.mp3 */,
				47B805EB257F154000D99DDA /* song1.mp3 */,
				3F58C1AF255CCF1C0027F128 /* AppDelegate.swift */,
				3F58C1B1255CCF1C0027F128 /* SceneDelegate.swift */,
				3F58C1B3255CCF1C0027F128 /* ViewController.swift */,
				3F58C1C7255CD7760027F128 /* Player.swift */,
				3F58C1B5255CCF1C0027F128 /* Main.storyboard */,
				3F58C1D42563897E0027F128 /* historyTableViewController.swift */,
				3F58C1D725638A3F0027F128 /* historyTableViewCell.swift */,
				3F58C1D125635D120027F128 /* playlistTableViewController.swift */,
				3F58C1CD255CF7AD0027F128 /* TableViewCell.swift */,
				3F58C1B8255CCF200027F128 /* Assets.xcassets */,
				3F58C1BA255CCF200027F128 /* LaunchScreen.storyboard */,
				3F58C1BD255CCF200027F128 /* Info.plist */,
			);
			path = Medito;
			sourceTree = "<group>";
		};
/* End PBXGroup section */

/* Begin PBXNativeTarget section */
		3F58C1AB255CCF1C0027F128 /* Medito */ = {
			isa = PBXNativeTarget;
			buildConfigurationList = 3F58C1C0255CCF200027F128 /* Build configuration list for PBXNativeTarget "Medito" */;
			buildPhases = (
				3F58C1A8255CCF1C0027F128 /* Sources */,
				3F58C1A9255CCF1C0027F128 /* Frameworks */,
				3F58C1AA255CCF1C0027F128 /* Resources */,
			);
			buildRules = (
			);
			dependencies = (
			);
			name = Medito;
			productName = Medito;
			productReference = 3F58C1AC255CCF1C0027F128 /* Medito.app */;
			productType = "com.apple.product-type.application";
		};
/* End PBXNativeTarget section */

/* Begin PBXProject section */
		3F58C1A4255CCF1C0027F128 /* Project object */ = {
			isa = PBXProject;
			attributes = {
				LastSwiftUpdateCheck = 1200;
				LastUpgradeCheck = 1200;
				TargetAttributes = {
					3F58C1AB255CCF1C0027F128 = {
						CreatedOnToolsVersion = 12.0;
					};
				};
			};
			buildConfigurationList = 3F58C1A7255CCF1C0027F128 /* Build configuration list for PBXProject "Medito" */;
			compatibilityVersion = "Xcode 9.3";
			developmentRegion = en;
			hasScannedForEncodings = 0;
			knownRegions = (
				en,
				Base,
			);
			mainGroup = 3F58C1A3255CCF1C0027F128;
			productRefGroup = 3F58C1AD255CCF1C0027F128 /* Products */;
			projectDirPath = "";
			projectRoot = "";
			targets = (
				3F58C1AB255CCF1C0027F128 /* Medito */,
			);
		};
/* End PBXProject section */

/* Begin PBXResourcesBuildPhase section */
		3F58C1AA255CCF1C0027F128 /* Resources */ = {
			isa = PBXResourcesBuildPhase;
			buildActionMask = 2147483647;
			files = (
				3F58C1BC255CCF200027F128 /* LaunchScreen.storyboard in Resources */,
				47B805EC257F154000D99DDA /* song1.mp3 in Resources */,
				3F58C1CB255CEEB50027F128 /* song.mp3 in Resources */,
				3F58C1B9255CCF200027F128 /* Assets.xcassets in Resources */,
				3F58C1B7255CCF1C0027F128 /* Main.storyboard in Resources */,
			);
			runOnlyForDeploymentPostprocessing = 0;
		};
/* End PBXResourcesBuildPhase section */

/* Begin PBXSourcesBuildPhase section */
		3F58C1A8255CCF1C0027F128 /* Sources */ = {
			isa = PBXSourcesBuildPhase;
			buildActionMask = 2147483647;
			files = (
				3F58C1CE255CF7AD0027F128 /* TableViewCell.swift in Sources */,
				3F58C1D225635D120027F128 /* playlistTableViewController.swift in Sources */,
				3F58C1D825638A3F0027F128 /* historyTableViewCell.swift in Sources */,
				3F58C1D52563897E0027F128 /* historyTableViewController.swift in Sources */,
				3F58C1C8255CD7760027F128 /* Player.swift in Sources */,
				3F58C1B4255CCF1C0027F128 /* ViewController.swift in Sources */,
				3F58C1B0255CCF1C0027F128 /* AppDelegate.swift in Sources */,
				3F58C1B2255CCF1C0027F128 /* SceneDelegate.swift in Sources */,
			);
			runOnlyForDeploymentPostprocessing = 0;
		};
/* End PBXSourcesBuildPhase section */

/* Begin PBXVariantGroup section */
		3F58C1B5255CCF1C0027F128 /* Main.storyboard */ = {
			isa = PBXVariantGroup;
			children = (
				3F58C1B6255CCF1C0027F128 /* Base */,
			);
			name = Main.storyboard;
			sourceTree = "<group>";
		};
		3F58C1BA255CCF200027F128 /* LaunchScreen.storyboard */ = {
			isa = PBXVariantGroup;
			children = (
				3F58C1BB255CCF200027F128 /* Base */,
			);
			name = LaunchScreen.storyboard;
			sourceTree = "<group>";
		};
/* End PBXVariantGroup section */

/* Begin XCBuildConfiguration section */
		3F58C1BE255CCF200027F128 /* Debug */ = {
			isa = XCBuildConfiguration;
			buildSettings = {
				ALWAYS_SEARCH_USER_PATHS = NO;
				CLANG_ANALYZER_NONNULL = YES;
				CLANG_ANALYZER_NUMBER_OBJECT_CONVERSION = YES_AGGRESSIVE;
				CLANG_CXX_LANGUAGE_STANDARD = "gnu++14";
				CLANG_CXX_LIBRARY = "libc++";
				CLANG_ENABLE_MODULES = YES;
				CLANG_ENABLE_OBJC_ARC = YES;
				CLANG_ENABLE_OBJC_WEAK = YES;
				CLANG_WARN_BLOCK_CAPTURE_AUTORELEASING = YES;
				CLANG_WARN_BOOL_CONVERSION = YES;
				CLANG_WARN_COMMA = YES;
				CLANG_WARN_CONSTANT_CONVERSION = YES;
				CLANG_WARN_DEPRECATED_OBJC_IMPLEMENTATIONS = YES;
				CLANG_WARN_DIRECT_OBJC_ISA_USAGE = YES_ERROR;
				CLANG_WARN_DOCUMENTATION_COMMENTS = YES;
				CLANG_WARN_EMPTY_BODY = YES;
				CLANG_WARN_ENUM_CONVERSION = YES;
				CLANG_WARN_INFINITE_RECURSION = YES;
				CLANG_WARN_INT_CONVERSION = YES;
				CLANG_WARN_NON_LITERAL_NULL_CONVERSION = YES;
				CLANG_WARN_OBJC_IMPLICIT_RETAIN_SELF = YES;
				CLANG_WARN_OBJC_LITERAL_CONVERSION = YES;
				CLANG_WARN_OBJC_ROOT_CLASS = YES_ERROR;
				CLANG_WARN_QUOTED_INCLUDE_IN_FRAMEWORK_HEADER = YES;
				CLANG_WARN_RANGE_LOOP_ANALYSIS = YES;
				CLANG_WARN_STRICT_PROTOTYPES = YES;
				CLANG_WARN_SUSPICIOUS_MOVE = YES;
				CLANG_WARN_UNGUARDED_AVAILABILITY = YES_AGGRESSIVE;
				CLANG_WARN_UNREACHABLE_CODE = YES;
				CLANG_WARN__DUPLICATE_METHOD_MATCH = YES;
				COPY_PHASE_STRIP = NO;
				DEBUG_INFORMATION_FORMAT = dwarf;
				ENABLE_STRICT_OBJC_MSGSEND = YES;
				ENABLE_TESTABILITY = YES;
				GCC_C_LANGUAGE_STANDARD = gnu11;
				GCC_DYNAMIC_NO_PIC = NO;
				GCC_NO_COMMON_BLOCKS = YES;
				GCC_OPTIMIZATION_LEVEL = 0;
				GCC_PREPROCESSOR_DEFINITIONS = (
					"DEBUG=1",
					"$(inherited)",
				);
				GCC_WARN_64_TO_32_BIT_CONVERSION = YES;
				GCC_WARN_ABOUT_RETURN_TYPE = YES_ERROR;
				GCC_WARN_UNDECLARED_SELECTOR = YES;
				GCC_WARN_UNINITIALIZED_AUTOS = YES_AGGRESSIVE;
				GCC_WARN_UNUSED_FUNCTION = YES;
				GCC_WARN_UNUSED_VARIABLE = YES;
				IPHONEOS_DEPLOYMENT_TARGET = 14.0;
				MTL_ENABLE_DEBUG_INFO = INCLUDE_SOURCE;
				MTL_FAST_MATH = YES;
				ONLY_ACTIVE_ARCH = YES;
				SDKROOT = iphoneos;
				SWIFT_ACTIVE_COMPILATION_CONDITIONS = DEBUG;
				SWIFT_OPTIMIZATION_LEVEL = "-Onone";
			};
			name = Debug;
		};
		3F58C1BF255CCF200027F128 /* Release */ = {
			isa = XCBuildConfiguration;
			buildSettings = {
				ALWAYS_SEARCH_USER_PATHS = NO;
				CLANG_ANALYZER_NONNULL = YES;
				CLANG_ANALYZER_NUMBER_OBJECT_CONVERSION = YES_AGGRESSIVE;
				CLANG_CXX_LANGUAGE_STANDARD = "gnu++14";
				CLANG_CXX_LIBRARY = "libc++";
				CLANG_ENABLE_MODULES = YES;
				CLANG_ENABLE_OBJC_ARC = YES;
				CLANG_ENABLE_OBJC_WEAK = YES;
				CLANG_WARN_BLOCK_CAPTURE_AUTORELEASING = YES;
				CLANG_WARN_BOOL_CONVERSION = YES;
				CLANG_WARN_COMMA = YES;
				CLANG_WARN_CONSTANT_CONVERSION = YES;
				CLANG_WARN_DEPRECATED_OBJC_IMPLEMENTATIONS = YES;
				CLANG_WARN_DIRECT_OBJC_ISA_USAGE = YES_ERROR;
				CLANG_WARN_DOCUMENTATION_COMMENTS = YES;
				CLANG_WARN_EMPTY_BODY = YES;
				CLANG_WARN_ENUM_CONVERSION = YES;
				CLANG_WARN_INFINITE_RECURSION = YES;
				CLANG_WARN_INT_CONVERSION = YES;
				CLANG_WARN_NON_LITERAL_NULL_CONVERSION = YES;
				CLANG_WARN_OBJC_IMPLICIT_RETAIN_SELF = YES;
				CLANG_WARN_OBJC_LITERAL_CONVERSION = YES;
				CLANG_WARN_OBJC_ROOT_CLASS = YES_ERROR;
				CLANG_WARN_QUOTED_INCLUDE_IN_FRAMEWORK_HEADER = YES;
				CLANG_WARN_RANGE_LOOP_ANALYSIS = YES;
				CLANG_WARN_STRICT_PROTOTYPES = YES;
				CLANG_WARN_SUSPICIOUS_MOVE = YES;
				CLANG_WARN_UNGUARDED_AVAILABILITY = YES_AGGRESSIVE;
				CLANG_WARN_UNREACHABLE_CODE = YES;
				CLANG_WARN__DUPLICATE_METHOD_MATCH = YES;
				COPY_PHASE_STRIP = NO;
				DEBUG_INFORMATION_FORMAT = "dwarf-with-dsym";
				ENABLE_NS_ASSERTIONS = NO;
				ENABLE_STRICT_OBJC_MSGSEND = YES;
				GCC_C_LANGUAGE_STANDARD = gnu11;
				GCC_NO_COMMON_BLOCKS = YES;
				GCC_WARN_64_TO_32_BIT_CONVERSION = YES;
				GCC_WARN_ABOUT_RETURN_TYPE = YES_ERROR;
				GCC_WARN_UNDECLARED_SELECTOR = YES;
				GCC_WARN_UNINITIALIZED_AUTOS = YES_AGGRESSIVE;
				GCC_WARN_UNUSED_FUNCTION = YES;
				GCC_WARN_UNUSED_VARIABLE = YES;
				IPHONEOS_DEPLOYMENT_TARGET = 14.0;
				MTL_ENABLE_DEBUG_INFO = NO;
				MTL_FAST_MATH = YES;
				SDKROOT = iphoneos;
				SWIFT_COMPILATION_MODE = wholemodule;
				SWIFT_OPTIMIZATION_LEVEL = "-O";
				VALIDATE_PRODUCT = YES;
			};
			name = Release;
		};
		3F58C1C1255CCF200027F128 /* Debug */ = {
			isa = XCBuildConfiguration;
			buildSettings = {
				ASSETCATALOG_COMPILER_APPICON_NAME = AppIcon;
				ASSETCATALOG_COMPILER_GLOBAL_ACCENT_COLOR_NAME = AccentColor;
				CODE_SIGN_STYLE = Automatic;
				INFOPLIST_FILE = Medito/Info.plist;
				LD_RUNPATH_SEARCH_PATHS = (
					"$(inherited)",
					"@executable_path/Frameworks",
				);
				PRODUCT_BUNDLE_IDENTIFIER = edu.nwmissouri.Medito;
				PRODUCT_NAME = "$(TARGET_NAME)";
				SWIFT_VERSION = 5.0;
				TARGETED_DEVICE_FAMILY = "1,2";
			};
			name = Debug;
		};
		3F58C1C2255CCF200027F128 /* Release */ = {
			isa = XCBuildConfiguration;
			buildSettings = {
				ASSETCATALOG_COMPILER_APPICON_NAME = AppIcon;
				ASSETCATALOG_COMPILER_GLOBAL_ACCENT_COLOR_NAME = AccentColor;
				CODE_SIGN_STYLE = Automatic;
				INFOPLIST_FILE = Medito/Info.plist;
				LD_RUNPATH_SEARCH_PATHS = (
					"$(inherited)",
					"@executable_path/Frameworks",
				);
				PRODUCT_BUNDLE_IDENTIFIER = edu.nwmissouri.Medito;
				PRODUCT_NAME = "$(TARGET_NAME)";
				SWIFT_VERSION = 5.0;
				TARGETED_DEVICE_FAMILY = "1,2";
			};
			name = Release;
		};
/* End XCBuildConfiguration section */

/* Begin XCConfigurationList section */
		3F58C1A7255CCF1C0027F128 /* Build configuration list for PBXProject "Medito" */ = {
			isa = XCConfigurationList;
			buildConfigurations = (
				3F58C1BE255CCF200027F128 /* Debug */,
				3F58C1BF255CCF200027F128 /* Release */,
			);
			defaultConfigurationIsVisible = 0;
			defaultConfigurationName = Release;
		};
		3F58C1C0255CCF200027F128 /* Build configuration list for PBXNativeTarget "Medito" */ = {
			isa = XCConfigurationList;
			buildConfigurations = (
				3F58C1C1255CCF200027F128 /* Debug */,
				3F58C1C2255CCF200027F128 /* Release */,
			);
			defaultConfigurationIsVisible = 0;
			defaultConfigurationName = Release;
		};
/* End XCConfigurationList section */
	};
	rootObject = 3F58C1A4255CCF1C0027F128 /* Project object */;
}
